// !$*UTF8*$!
{
	archiveVersion = 1;
	classes = {
	};
	objectVersion = 46;
	objects = {

/* Begin PBXBuildFile section */
		F49158E71DF73878008E4C14 /* AppDelegate.swift in Sources */ = {isa = PBXBuildFile; fileRef = F49158E61DF73878008E4C14 /* AppDelegate.swift */; };
		F49158E91DF73878008E4C14 /* ViewController.swift in Sources */ = {isa = PBXBuildFile; fileRef = F49158E81DF73878008E4C14 /* ViewController.swift */; };
		F49158EC1DF73878008E4C14 /* Main.storyboard in Resources */ = {isa = PBXBuildFile; fileRef = F49158EA1DF73878008E4C14 /* Main.storyboard */; };
		F49158EE1DF73878008E4C14 /* Assets.xcassets in Resources */ = {isa = PBXBuildFile; fileRef = F49158ED1DF73878008E4C14 /* Assets.xcassets */; };
		F49158F11DF73878008E4C14 /* LaunchScreen.storyboard in Resources */ = {isa = PBXBuildFile; fileRef = F49158EF1DF73878008E4C14 /* LaunchScreen.storyboard */; };
/* End PBXBuildFile section */

/* Begin PBXFileReference section */
		F49158E31DF73878008E4C14 /* stakada-stack.app */ = {isa = PBXFileReference; explicitFileType = wrapper.application; includeInIndex = 0; path = "stakada-stack.app"; sourceTree = BUILT_PRODUCTS_DIR; };
		F49158E61DF73878008E4C14 /* AppDelegate.swift */ = {isa = PBXFileReference; lastKnownFileType = sourcecode.swift; path = AppDelegate.swift; sourceTree = "<group>"; };
		F49158E81DF73878008E4C14 /* ViewController.swift */ = {isa = PBXFileReference; lastKnownFileType = sourcecode.swift; path = ViewController.swift; sourceTree = "<group>"; };
		F49158EB1DF73878008E4C14 /* Base */ = {isa = PBXFileReference; lastKnownFileType = file.storyboard; name = Base; path = Base.lproj/Main.storyboard; sourceTree = "<group>"; };
		F49158ED1DF73878008E4C14 /* Assets.xcassets */ = {isa = PBXFileReference; lastKnownFileType = folder.assetcatalog; path = Assets.xcassets; sourceTree = "<group>"; };
		F49158F01DF73878008E4C14 /* Base */ = {isa = PBXFileReference; lastKnownFileType = file.storyboard; name = Base; path = Base.lproj/LaunchScreen.storyboard; sourceTree = "<group>"; };
		F49158F21DF73878008E4C14 /* Info.plist */ = {isa = PBXFileReference; lastKnownFileType = text.plist.xml; path = Info.plist; sourceTree = "<group>"; };
/* End PBXFileReference section */

/* Begin PBXFrameworksBuildPhase section */
		F49158E01DF73878008E4C14 /* Frameworks */ = {
			isa = PBXFrameworksBuildPhase;
			buildActionMask = 2147483647;
			files = (
			);
			runOnlyForDeploymentPostprocessing = 0;
		};
/* End PBXFrameworksBuildPhase section */

/* Begin PBXGroup section */
		F49158DA1DF73878008E4C14 = {
			isa = PBXGroup;
			children = (
				F49158E51DF73878008E4C14 /* stakada-stack */,
				F49158E41DF73878008E4C14 /* Products */,
			);
			sourceTree = "<group>";
		};
		F49158E41DF73878008E4C14 /* Products */ = {
			isa = PBXGroup;
			children = (
				F49158E31DF73878008E4C14 /* stakada-stack.app */,
			);
			name = Products;
			sourceTree = "<group>";
		};
		F49158E51DF73878008E4C14 /* stakada-stack */ = {
			isa = PBXGroup;
			children = (
				F49158E61DF73878008E4C14 /* AppDelegate.swift */,
				F49158E81DF73878008E4C14 /* ViewController.swift */,
				F49158EA1DF73878008E4C14 /* Main.storyboard */,
				F49158ED1DF73878008E4C14 /* Assets.xcassets */,
				F49158EF1DF73878008E4C14 /* LaunchScreen.storyboard */,
				F49158F21DF73878008E4C14 /* Info.plist */,
			);
			path = "stakada-stack";
			sourceTree = "<group>";
		};
/* End PBXGroup section */

/* Begin PBXNativeTarget section */
		F49158E21DF73878008E4C14 /* stakada-stack */ = {
			isa = PBXNativeTarget;
			buildConfigurationList = F49158F51DF73878008E4C14 /* Build configuration list for PBXNativeTarget "stakada-stack" */;
			buildPhases = (
				F49158DF1DF73878008E4C14 /* Sources */,
				F49158E01DF73878008E4C14 /* Frameworks */,
				F49158E11DF73878008E4C14 /* Resources */,
			);
			buildRules = (
			);
			dependencies = (
			);
			name = "stakada-stack";
			productName = "stakada-stack";
			productReference = F49158E31DF73878008E4C14 /* stakada-stack.app */;
			productType = "com.apple.product-type.application";
		};
/* End PBXNativeTarget section */

/* Begin PBXProject section */
		F49158DB1DF73878008E4C14 /* Project object */ = {
			isa = PBXProject;
			attributes = {
				LastSwiftUpdateCheck = 0810;
				LastUpgradeCheck = 0810;
				ORGANIZATIONNAME = "Christine Cunniff";
				TargetAttributes = {
					F49158E21DF73878008E4C14 = {
						CreatedOnToolsVersion = 8.1;
						ProvisioningStyle = Automatic;
					};
				};
			};
			buildConfigurationList = F49158DE1DF73878008E4C14 /* Build configuration list for PBXProject "stakada-stack" */;
			compatibilityVersion = "Xcode 3.2";
			developmentRegion = English;
			hasScannedForEncodings = 0;
			knownRegions = (
				en,
				Base,
			);
			mainGroup = F49158DA1DF73878008E4C14;
			productRefGroup = F49158E41DF73878008E4C14 /* Products */;
			projectDirPath = "";
			projectRoot = "";
			targets = (
				F49158E21DF73878008E4C14 /* stakada-stack */,
			);
		};
/* End PBXProject section */

/* Begin PBXResourcesBuildPhase section */
		F49158E11DF73878008E4C14 /* Resources */ = {
			isa = PBXResourcesBuildPhase;
			buildActionMask = 2147483647;
			files = (
				F49158F11DF73878008E4C14 /* LaunchScreen.storyboard in Resources */,
				F49158EE1DF73878008E4C14 /* Assets.xcassets in Resources */,
				F49158EC1DF73878008E4C14 /* Main.storyboard in Resources */,
			);
			runOnlyForDeploymentPostprocessing = 0;
		};
/* End PBXResourcesBuildPhase section */

/* Begin PBXSourcesBuildPhase section */
		F49158DF1DF73878008E4C14 /* Sources */ = {
			isa = PBXSourcesBuildPhase;
			buildActionMask = 2147483647;
			files = (
				F49158E91DF73878008E4C14 /* ViewController.swift in Sources */,
				F49158E71DF73878008E4C14 /* AppDelegate.swift in Sources */,
			);
			runOnlyForDeploymentPostprocessing = 0;
		};
/* End PBXSourcesBuildPhase section */

/* Begin PBXVariantGroup section */
		F49158EA1DF73878008E4C14 /* Main.storyboard */ = {
			isa = PBXVariantGroup;
			children = (
				F49158EB1DF73878008E4C14 /* Base */,
			);
			name = Main.storyboard;
			sourceTree = "<group>";
		};
		F49158EF1DF73878008E4C14 /* LaunchScreen.storyboard */ = {
			isa = PBXVariantGroup;
			children = (
				F49158F01DF73878008E4C14 /* Base */,
			);
			name = LaunchScreen.storyboard;
			sourceTree = "<group>";
		};
/* End PBXVariantGroup section */

/* Begin XCBuildConfiguration section */
		F49158F31DF73878008E4C14 /* Debug */ = {
			isa = XCBuildConfiguration;
			buildSettings = {
				ALWAYS_SEARCH_USER_PATHS = NO;
				CLANG_ANALYZER_NONNULL = YES;
				CLANG_CXX_LANGUAGE_STANDARD = "gnu++0x";
				CLANG_CXX_LIBRARY = "libc++";
				CLANG_ENABLE_MODULES = YES;
				CLANG_ENABLE_OBJC_ARC = YES;
				CLANG_WARN_BOOL_CONVERSION = YES;
				CLANG_WARN_CONSTANT_CONVERSION = YES;
				CLANG_WARN_DIRECT_OBJC_ISA_USAGE = YES_ERROR;
				CLANG_WARN_DOCUMENTATION_COMMENTS = YES;
				CLANG_WARN_EMPTY_BODY = YES;
				CLANG_WARN_ENUM_CONVERSION = YES;
				CLANG_WARN_INFINITE_RECURSION = YES;
				CLANG_WARN_INT_CONVERSION = YES;
				CLANG_WARN_OBJC_ROOT_CLASS = YES_ERROR;
				CLANG_WARN_SUSPICIOUS_MOVES = YES;
				CLANG_WARN_UNREACHABLE_CODE = YES;
				CLANG_WARN__DUPLICATE_METHOD_MATCH = YES;
				"CODE_SIGN_IDENTITY[sdk=iphoneos*]" = "iPhone Developer";
				COPY_PHASE_STRIP = NO;
				DEBUG_INFORMATION_FORMAT = dwarf;
				ENABLE_STRICT_OBJC_MSGSEND = YES;
				ENABLE_TESTABILITY = YES;
				GCC_C_LANGUAGE_STANDARD = gnu99;
				GCC_DYNAMIC_NO_PIC = NO;
				GCC_NO_COMMON_BLOCKS = YES;
				GCC_OPTIMIZATION_LEVEL = 0;
				GCC_PREPROCESSOR_DEFINITIONS = (
					"DEBUG=1",
					"$(inherited)",
				);
				GCC_WARN_64_TO_32_BIT_CONVERSION = YES;
				GCC_WARN_ABOUT_RETURN_TYPE = YES_ERROR;
				GCC_WARN_UNDECLARED_SELECTOR = YES;
				GCC_WARN_UNINITIALIZED_AUTOS = YES_AGGRESSIVE;
				GCC_WARN_UNUSED_FUNCTION = YES;
				GCC_WARN_UNUSED_VARIABLE = YES;
				IPHONEOS_DEPLOYMENT_TARGET = 10.1;
				MTL_ENABLE_DEBUG_INFO = YES;
				ONLY_ACTIVE_ARCH = YES;
				SDKROOT = iphoneos;
				SWIFT_ACTIVE_COMPILATION_CONDITIONS = DEBUG;
				SWIFT_OPTIMIZATION_LEVEL = "-Onone";
				TARGETED_DEVICE_FAMILY = "1,2";
			};
			name = Debug;
		};
		F49158F41DF73878008E4C14 /* Release */ = {
			isa = XCBuildConfiguration;
			buildSettings = {
				ALWAYS_SEARCH_USER_PATHS = NO;
				CLANG_ANALYZER_NONNULL = YES;
				CLANG_CXX_LANGUAGE_STANDARD = "gnu++0x";
				CLANG_CXX_LIBRARY = "libc++";
				CLANG_ENABLE_MODULES = YES;
				CLANG_ENABLE_OBJC_ARC = YES;
				CLANG_WARN_BOOL_CONVERSION = YES;
				CLANG_WARN_CONSTANT_CONVERSION = YES;
				CLANG_WARN_DIRECT_OBJC_ISA_USAGE = YES_ERROR;
				CLANG_WARN_DOCUMENTATION_COMMENTS = YES;
				CLANG_WARN_EMPTY_BODY = YES;
				CLANG_WARN_ENUM_CONVERSION = YES;
				CLANG_WARN_INFINITE_RECURSION = YES;
				CLANG_WARN_INT_CONVERSION = YES;
				CLANG_WARN_OBJC_ROOT_CLASS = YES_ERROR;
				CLANG_WARN_SUSPICIOUS_MOVES = YES;
				CLANG_WARN_UNREACHABLE_CODE = YES;
				CLANG_WARN__DUPLICATE_METHOD_MATCH = YES;
				"CODE_SIGN_IDENTITY[sdk=iphoneos*]" = "iPhone Developer";
				COPY_PHASE_STRIP = NO;
				DEBUG_INFORMATION_FORMAT = "dwarf-with-dsym";
				ENABLE_NS_ASSERTIONS = NO;
				ENABLE_STRICT_OBJC_MSGSEND = YES;
				GCC_C_LANGUAGE_STANDARD = gnu99;
				GCC_NO_COMMON_BLOCKS = YES;
				GCC_WARN_64_TO_32_BIT_CONVERSION = YES;
				GCC_WARN_ABOUT_RETURN_TYPE = YES_ERROR;
				GCC_WARN_UNDECLARED_SELECTOR = YES;
				GCC_WARN_UNINITIALIZED_AUTOS = YES_AGGRESSIVE;
				GCC_WARN_UNUSED_FUNCTION = YES;
				GCC_WARN_UNUSED_VARIABLE = YES;
				IPHONEOS_DEPLOYMENT_TARGET = 10.1;
				MTL_ENABLE_DEBUG_INFO = NO;
				SDKROOT = iphoneos;
				SWIFT_OPTIMIZATION_LEVEL = "-Owholemodule";
				TARGETED_DEVICE_FAMILY = "1,2";
				VALIDATE_PRODUCT = YES;
			};
			name = Release;
		};
		F49158F61DF73878008E4C14 /* Debug */ = {
			isa = XCBuildConfiguration;
			buildSettings = {
				ASSETCATALOG_COMPILER_APPICON_NAME = AppIcon;
				INFOPLIST_FILE = "stakada-stack/Info.plist";
				LD_RUNPATH_SEARCH_PATHS = "$(inherited) @executable_path/Frameworks";
				PRODUCT_BUNDLE_IDENTIFIER = "com.christinecunniff.stakada-stack";
				PRODUCT_NAME = "$(TARGET_NAME)";
				SWIFT_VERSION = 3.0;
			};
			name = Debug;
		};
		F49158F71DF73878008E4C14 /* Release */ = {
			isa = XCBuildConfiguration;
			buildSettings = {
				ASSETCATALOG_COMPILER_APPICON_NAME = AppIcon;
				INFOPLIST_FILE = "stakada-stack/Info.plist";
				LD_RUNPATH_SEARCH_PATHS = "$(inherited) @executable_path/Frameworks";
				PRODUCT_BUNDLE_IDENTIFIER = "com.christinecunniff.stakada-stack";
				PRODUCT_NAME = "$(TARGET_NAME)";
				SWIFT_VERSION = 3.0;
			};
			name = Release;
		};
/* End XCBuildConfiguration section */

/* Begin XCConfigurationList section */
		F49158DE1DF73878008E4C14 /* Build configuration list for PBXProject "stakada-stack" */ = {
			isa = XCConfigurationList;
			buildConfigurations = (
				F49158F31DF73878008E4C14 /* Debug */,
				F49158F41DF73878008E4C14 /* Release */,
			);
			defaultConfigurationIsVisible = 0;
			defaultConfigurationName = Release;
		};
		F49158F51DF73878008E4C14 /* Build configuration list for PBXNativeTarget "stakada-stack" */ = {
			isa = XCConfigurationList;
			buildConfigurations = (
				F49158F61DF73878008E4C14 /* Debug */,
				F49158F71DF73878008E4C14 /* Release */,
			);
			defaultConfigurationIsVisible = 0;
		};
/* End XCConfigurationList section */
	};
	rootObject = F49158DB1DF73878008E4C14 /* Project object */;
}
